
Microsoft Visual Studio Solution File, Format Version 11.00
# Visual Studio 2010
Project("{FAE04EC0-301F-11D3-BF4B-00C04F79EFBC}") = "Token", "src\Token.csproj", "{2B6AD75D-BC00-4083-A767-3375CA364DDA}"
EndProject
Project("{FAE04EC0-301F-11D3-BF4B-00C04F79EFBC}") = "HuddleCmdLets", "HuddleCmdLets\HuddleCmdLets.csproj", "{42B65354-EC77-414F-A3A8-6F22E6979C78}"
EndProject
Global
	GlobalSection(SolutionConfigurationPlatforms) = preSolution
		Debug|Any CPU = Debug|Any CPU
		Debug|Mixed Platforms = Debug|Mixed Platforms
		Debug|x86 = Debug|x86
		Release|Any CPU = Release|Any CPU
		Release|Mixed Platforms = Release|Mixed Platforms
		Release|x86 = Release|x86
	EndGlobalSection
	GlobalSection(ProjectConfigurationPlatforms) = postSolution
		{2B6AD75D-BC00-4083-A767-3375CA364DDA}.Debug|Any CPU.ActiveCfg = Debug|x86
		{2B6AD75D-BC00-4083-A767-3375CA364DDA}.Debug|Mixed Platforms.ActiveCfg = Debug|x86
		{2B6AD75D-BC00-4083-A767-3375CA364DDA}.Debug|Mixed Platforms.Build.0 = Debug|x86
		{2B6AD75D-BC00-4083-A767-3375CA364DDA}.Debug|x86.ActiveCfg = Debug|x86
		{2B6AD75D-BC00-4083-A767-3375CA364DDA}.Debug|x86.Build.0 = Debug|x86
		{2B6AD75D-BC00-4083-A767-3375CA364DDA}.Release|Any CPU.ActiveCfg = Release|x86
		{2B6AD75D-BC00-4083-A767-3375CA364DDA}.Release|Mixed Platforms.ActiveCfg = Release|x86
		{2B6AD75D-BC00-4083-A767-3375CA364DDA}.Release|Mixed Platforms.Build.0 = Release|x86
		{2B6AD75D-BC00-4083-A767-3375CA364DDA}.Release|x86.ActiveCfg = Release|x86
		{2B6AD75D-BC00-4083-A767-3375CA364DDA}.Release|x86.Build.0 = Release|x86
		{42B65354-EC77-414F-A3A8-6F22E6979C78}.Debug|Any CPU.ActiveCfg = Debug|Any CPU
		{42B65354-EC77-414F-A3A8-6F22E6979C78}.Debug|Any CPU.Build.0 = Debug|Any CPU
		{42B65354-EC77-414F-A3A8-6F22E6979C78}.Debug|Mixed Platforms.ActiveCfg = Debug|Any CPU
		{42B65354-EC77-414F-A3A8-6F22E6979C78}.Debug|Mixed Platforms.Build.0 = Debug|Any CPU
		{42B65354-EC77-414F-A3A8-6F22E6979C78}.Debug|x86.ActiveCfg = Debug|Any CPU
		{42B65354-EC77-414F-A3A8-6F22E6979C78}.Release|Any CPU.ActiveCfg = Release|Any CPU
		{42B65354-EC77-414F-A3A8-6F22E6979C78}.Release|Any CPU.Build.0 = Release|Any CPU
		{42B65354-EC77-414F-A3A8-6F22E6979C78}.Release|Mixed Platforms.ActiveCfg = Release|Any CPU
		{42B65354-EC77-414F-A3A8-6F22E6979C78}.Release|Mixed Platforms.Build.0 = Release|Any CPU
		{42B65354-EC77-414F-A3A8-6F22E6979C78}.Release|x86.ActiveCfg = Release|Any CPU
	EndGlobalSection
	GlobalSection(SolutionProperties) = preSolution
		HideSolutionNode = FALSE
	EndGlobalSection
EndGlobal
